
Microsoft Visual Studio Solution File, Format Version 12.00
# Visual Studio 2012
Project("{FAE04EC0-301F-11D3-BF4B-00C04F79EFBC}") = "IDLALogin", "IDLALogin\IDLALogin.csproj", "{8FD9DED7-546C-4511-90BB-1969DDC6AC4E}"
EndProject
Project("{FAE04EC0-301F-11D3-BF4B-00C04F79EFBC}") = "IDLALogin.Tests", "IDLALogin.Tests\IDLALogin.Tests.csproj", "{D84B94C4-5B47-4D84-B13F-E79BDBC9E42C}"
EndProject
Project("{FAE04EC0-301F-11D3-BF4B-00C04F79EFBC}") = "SAML20", "SAML20\SAML20.csproj", "{8C127D3A-ECD2-419C-9042-8A72A44A81FE}"
EndProject
Global
	GlobalSection(SolutionConfigurationPlatforms) = preSolution
		Debug|Any CPU = Debug|Any CPU
		Release|Any CPU = Release|Any CPU
	EndGlobalSection
	GlobalSection(ProjectConfigurationPlatforms) = postSolution
		{8FD9DED7-546C-4511-90BB-1969DDC6AC4E}.Debug|Any CPU.ActiveCfg = Debug|Any CPU
		{8FD9DED7-546C-4511-90BB-1969DDC6AC4E}.Debug|Any CPU.Build.0 = Debug|Any CPU
		{8FD9DED7-546C-4511-90BB-1969DDC6AC4E}.Release|Any CPU.ActiveCfg = Release|Any CPU
		{8FD9DED7-546C-4511-90BB-1969DDC6AC4E}.Release|Any CPU.Build.0 = Release|Any CPU
		{D84B94C4-5B47-4D84-B13F-E79BDBC9E42C}.Debug|Any CPU.ActiveCfg = Debug|Any CPU
		{D84B94C4-5B47-4D84-B13F-E79BDBC9E42C}.Debug|Any CPU.Build.0 = Debug|Any CPU
		{D84B94C4-5B47-4D84-B13F-E79BDBC9E42C}.Release|Any CPU.ActiveCfg = Release|Any CPU
		{D84B94C4-5B47-4D84-B13F-E79BDBC9E42C}.Release|Any CPU.Build.0 = Release|Any CPU
		{8C127D3A-ECD2-419C-9042-8A72A44A81FE}.Debug|Any CPU.ActiveCfg = Debug|Any CPU
		{8C127D3A-ECD2-419C-9042-8A72A44A81FE}.Debug|Any CPU.Build.0 = Debug|Any CPU
		{8C127D3A-ECD2-419C-9042-8A72A44A81FE}.Release|Any CPU.ActiveCfg = Release|Any CPU
		{8C127D3A-ECD2-419C-9042-8A72A44A81FE}.Release|Any CPU.Build.0 = Release|Any CPU
	EndGlobalSection
	GlobalSection(SolutionProperties) = preSolution
		HideSolutionNode = FALSE
	EndGlobalSection
EndGlobal
